
Microsoft Visual Studio Solution File, Format Version 12.00
# Visual Studio 2012
Project("{FAE04EC0-301F-11D3-BF4B-00C04F79EFBC}") = "mNemonic", "mNemonic\mNemonic.csproj", "{0868D209-9E60-4A1C-8450-E08329A207C7}"
EndProject
Project("{930C7802-8A8C-48F9-8165-68863BCCD9DD}") = "mNemonicInstaller", "mNemonicInstaller\mNemonicInstaller.wixproj", "{2187DED6-9F81-4B24-8FE9-A695D3863558}"
EndProject
Project("{FAE04EC0-301F-11D3-BF4B-00C04F79EFBC}") = "ImportExportTool", "Import\ImportExportTool.csproj", "{656A8970-67A8-4AEA-BA35-21268A37D929}"
EndProject
Project("{FAE04EC0-301F-11D3-BF4B-00C04F79EFBC}") = "mNemonicTests", "mNemonicTests\mNemonicTests.csproj", "{EC331BF2-0C9B-47B6-9C54-91AABD592DA5}"
EndProject
Project("{930C7802-8A8C-48F9-8165-68863BCCD9DD}") = "mNemonicBootStrapper", "mNemonicBootStrapper\mNemonicBootStrapper.wixproj", "{87AF774E-702A-4AEB-9645-C62A3885434B}"
EndProject
Global
	GlobalSection(SolutionConfigurationPlatforms) = preSolution
		Debug|Any CPU = Debug|Any CPU
		Debug|Mixed Platforms = Debug|Mixed Platforms
		Debug|x86 = Debug|x86
		Release|Any CPU = Release|Any CPU
		Release|Mixed Platforms = Release|Mixed Platforms
		Release|x86 = Release|x86
	EndGlobalSection
	GlobalSection(ProjectConfigurationPlatforms) = postSolution
		{0868D209-9E60-4A1C-8450-E08329A207C7}.Debug|Any CPU.ActiveCfg = Debug|Any CPU
		{0868D209-9E60-4A1C-8450-E08329A207C7}.Debug|Any CPU.Build.0 = Debug|Any CPU
		{0868D209-9E60-4A1C-8450-E08329A207C7}.Debug|Mixed Platforms.ActiveCfg = Debug|Any CPU
		{0868D209-9E60-4A1C-8450-E08329A207C7}.Debug|Mixed Platforms.Build.0 = Debug|Any CPU
		{0868D209-9E60-4A1C-8450-E08329A207C7}.Debug|x86.ActiveCfg = Debug|Any CPU
		{0868D209-9E60-4A1C-8450-E08329A207C7}.Release|Any CPU.ActiveCfg = Release|Any CPU
		{0868D209-9E60-4A1C-8450-E08329A207C7}.Release|Any CPU.Build.0 = Release|Any CPU
		{0868D209-9E60-4A1C-8450-E08329A207C7}.Release|Mixed Platforms.ActiveCfg = Release|Any CPU
		{0868D209-9E60-4A1C-8450-E08329A207C7}.Release|Mixed Platforms.Build.0 = Release|Any CPU
		{0868D209-9E60-4A1C-8450-E08329A207C7}.Release|x86.ActiveCfg = Release|Any CPU
		{2187DED6-9F81-4B24-8FE9-A695D3863558}.Debug|Any CPU.ActiveCfg = Debug|x86
		{2187DED6-9F81-4B24-8FE9-A695D3863558}.Debug|Mixed Platforms.ActiveCfg = Debug|x86
		{2187DED6-9F81-4B24-8FE9-A695D3863558}.Debug|Mixed Platforms.Build.0 = Debug|x86
		{2187DED6-9F81-4B24-8FE9-A695D3863558}.Debug|x86.ActiveCfg = Debug|x86
		{2187DED6-9F81-4B24-8FE9-A695D3863558}.Debug|x86.Build.0 = Debug|x86
		{2187DED6-9F81-4B24-8FE9-A695D3863558}.Release|Any CPU.ActiveCfg = Release|x86
		{2187DED6-9F81-4B24-8FE9-A695D3863558}.Release|Mixed Platforms.ActiveCfg = Release|x86
		{2187DED6-9F81-4B24-8FE9-A695D3863558}.Release|Mixed Platforms.Build.0 = Release|x86
		{2187DED6-9F81-4B24-8FE9-A695D3863558}.Release|x86.ActiveCfg = Release|x86
		{2187DED6-9F81-4B24-8FE9-A695D3863558}.Release|x86.Build.0 = Release|x86
		{656A8970-67A8-4AEA-BA35-21268A37D929}.Debug|Any CPU.ActiveCfg = Debug|Any CPU
		{656A8970-67A8-4AEA-BA35-21268A37D929}.Debug|Any CPU.Build.0 = Debug|Any CPU
		{656A8970-67A8-4AEA-BA35-21268A37D929}.Debug|Mixed Platforms.ActiveCfg = Debug|Any CPU
		{656A8970-67A8-4AEA-BA35-21268A37D929}.Debug|Mixed Platforms.Build.0 = Debug|Any CPU
		{656A8970-67A8-4AEA-BA35-21268A37D929}.Debug|x86.ActiveCfg = Debug|Any CPU
		{656A8970-67A8-4AEA-BA35-21268A37D929}.Release|Any CPU.ActiveCfg = Release|Any CPU
		{656A8970-67A8-4AEA-BA35-21268A37D929}.Release|Any CPU.Build.0 = Release|Any CPU
		{656A8970-67A8-4AEA-BA35-21268A37D929}.Release|Mixed Platforms.ActiveCfg = Release|Any CPU
		{656A8970-67A8-4AEA-BA35-21268A37D929}.Release|Mixed Platforms.Build.0 = Release|Any CPU
		{656A8970-67A8-4AEA-BA35-21268A37D929}.Release|x86.ActiveCfg = Release|Any CPU
		{EC331BF2-0C9B-47B6-9C54-91AABD592DA5}.Debug|Any CPU.ActiveCfg = Debug|Any CPU
		{EC331BF2-0C9B-47B6-9C54-91AABD592DA5}.Debug|Any CPU.Build.0 = Debug|Any CPU
		{EC331BF2-0C9B-47B6-9C54-91AABD592DA5}.Debug|Mixed Platforms.ActiveCfg = Debug|Any CPU
		{EC331BF2-0C9B-47B6-9C54-91AABD592DA5}.Debug|Mixed Platforms.Build.0 = Debug|Any CPU
		{EC331BF2-0C9B-47B6-9C54-91AABD592DA5}.Debug|x86.ActiveCfg = Debug|Any CPU
		{EC331BF2-0C9B-47B6-9C54-91AABD592DA5}.Release|Any CPU.ActiveCfg = Release|Any CPU
		{EC331BF2-0C9B-47B6-9C54-91AABD592DA5}.Release|Any CPU.Build.0 = Release|Any CPU
		{EC331BF2-0C9B-47B6-9C54-91AABD592DA5}.Release|Mixed Platforms.ActiveCfg = Release|Any CPU
		{EC331BF2-0C9B-47B6-9C54-91AABD592DA5}.Release|Mixed Platforms.Build.0 = Release|Any CPU
		{EC331BF2-0C9B-47B6-9C54-91AABD592DA5}.Release|x86.ActiveCfg = Release|Any CPU
		{87AF774E-702A-4AEB-9645-C62A3885434B}.Debug|Any CPU.ActiveCfg = Debug|x86
		{87AF774E-702A-4AEB-9645-C62A3885434B}.Debug|Mixed Platforms.ActiveCfg = Debug|x86
		{87AF774E-702A-4AEB-9645-C62A3885434B}.Debug|Mixed Platforms.Build.0 = Debug|x86
		{87AF774E-702A-4AEB-9645-C62A3885434B}.Debug|x86.ActiveCfg = Debug|x86
		{87AF774E-702A-4AEB-9645-C62A3885434B}.Debug|x86.Build.0 = Debug|x86
		{87AF774E-702A-4AEB-9645-C62A3885434B}.Release|Any CPU.ActiveCfg = Release|x86
		{87AF774E-702A-4AEB-9645-C62A3885434B}.Release|Mixed Platforms.ActiveCfg = Release|x86
		{87AF774E-702A-4AEB-9645-C62A3885434B}.Release|Mixed Platforms.Build.0 = Release|x86
		{87AF774E-702A-4AEB-9645-C62A3885434B}.Release|x86.ActiveCfg = Release|x86
		{87AF774E-702A-4AEB-9645-C62A3885434B}.Release|x86.Build.0 = Release|x86
	EndGlobalSection
	GlobalSection(SolutionProperties) = preSolution
		HideSolutionNode = FALSE
	EndGlobalSection
EndGlobal
